github.com/lxndrblz/anatole v1.19.0 h1:ywF3To/pOnljEgy/Gk9TanLxURUd7zS2qxpIqDe2dt0=
github.com/lxndrblz/anatole v1.19.0/go.mod h1:hy61SRyUDKaWw2P+cERt9UPde5guWyVKgtjdzRF5bfI=
github.com/lxndrblz/anatole v1.20.0 h1:PZs5p0TsMvPa09S+V+hBd+PQJPCVAIpVX/EyD1G4msM=
github.com/lxndrblz/anatole v1.20.0/go.mod h1:hy61SRyUDKaWw2P+cERt9UPde5guWyVKgtjdzRF5bfI=
